
Microsoft Visual Studio Solution File, Format Version 12.00
# Visual Studio Version 16
VisualStudioVersion = 16.0.31205.134
MinimumVisualStudioVersion = 10.0.40219.1
Project("{FAE04EC0-301F-11D3-BF4B-00C04F79EFBC}") = "DB_First_API", "DB_First_API.csproj", "{50F8F0D3-BA0D-4891-91EE-6E6DD0794F4C}"
EndProject
Global
	GlobalSection(SolutionConfigurationPlatforms) = preSolution
		Debug|Any CPU = Debug|Any CPU
		Release|Any CPU = Release|Any CPU
	EndGlobalSection
	GlobalSection(ProjectConfigurationPlatforms) = postSolution
		{50F8F0D3-BA0D-4891-91EE-6E6DD0794F4C}.Debug|Any CPU.ActiveCfg = Debug|Any CPU
		{50F8F0D3-BA0D-4891-91EE-6E6DD0794F4C}.Debug|Any CPU.Build.0 = Debug|Any CPU
		{50F8F0D3-BA0D-4891-91EE-6E6DD0794F4C}.Release|Any CPU.ActiveCfg = Release|Any CPU
		{50F8F0D3-BA0D-4891-91EE-6E6DD0794F4C}.Release|Any CPU.Build.0 = Release|Any CPU
	EndGlobalSection
	GlobalSection(SolutionProperties) = preSolution
		HideSolutionNode = FALSE
	EndGlobalSection
	GlobalSection(ExtensibilityGlobals) = postSolution
		SolutionGuid = {2147AA90-0DD1-4BF4-B8B2-939FFA412886}
	EndGlobalSection
EndGlobal
